
Microsoft Visual Studio Solution File, Format Version 12.00
# Visual Studio Version 17
VisualStudioVersion = 17.8.34330.188
MinimumVisualStudioVersion = 10.0.40219.1
Project("{8BC9CEB8-8B4A-11D0-8D11-00A0C91BC942}") = "CopyPasteRelease", "CopyPasteRelease.vcxproj", "{0CB042F7-DD5B-48D1-8D7A-9FBA3FF7A883}"
EndProject
Global
	GlobalSection(SolutionConfigurationPlatforms) = preSolution
		Debug|x64 = Debug|x64
		Debug|x86 = Debug|x86
		Release|x64 = Release|x64
		Release|x86 = Release|x86
	EndGlobalSection
	GlobalSection(ProjectConfigurationPlatforms) = postSolution
		{0CB042F7-DD5B-48D1-8D7A-9FBA3FF7A883}.Debug|x64.ActiveCfg = Debug|x64
		{0CB042F7-DD5B-48D1-8D7A-9FBA3FF7A883}.Debug|x64.Build.0 = Debug|x64
		{0CB042F7-DD5B-48D1-8D7A-9FBA3FF7A883}.Debug|x86.ActiveCfg = Debug|Win32
		{0CB042F7-DD5B-48D1-8D7A-9FBA3FF7A883}.Debug|x86.Build.0 = Debug|Win32
		{0CB042F7-DD5B-48D1-8D7A-9FBA3FF7A883}.Release|x64.ActiveCfg = Release|x64
		{0CB042F7-DD5B-48D1-8D7A-9FBA3FF7A883}.Release|x64.Build.0 = Release|x64
		{0CB042F7-DD5B-48D1-8D7A-9FBA3FF7A883}.Release|x86.ActiveCfg = Release|Win32
		{0CB042F7-DD5B-48D1-8D7A-9FBA3FF7A883}.Release|x86.Build.0 = Release|Win32
	EndGlobalSection
	GlobalSection(SolutionProperties) = preSolution
		HideSolutionNode = FALSE
	EndGlobalSection
	GlobalSection(ExtensibilityGlobals) = postSolution
		SolutionGuid = {3D44C593-E327-42CE-8FE5-C81B689F0123}
	EndGlobalSection
EndGlobal
